// !$*UTF8*$!
{
	archiveVersion = 1;
	classes = {
	};
	objectVersion = 46;
	objects = {

/* Begin PBXBuildFile section */
		B96E6CCD1CE63B8E001D420D /* AppDelegate.swift in Sources */ = {isa = PBXBuildFile; fileRef = B96E6CCC1CE63B8E001D420D /* AppDelegate.swift */; };
		B96E6CCF1CE63B8E001D420D /* ViewController.swift in Sources */ = {isa = PBXBuildFile; fileRef = B96E6CCE1CE63B8E001D420D /* ViewController.swift */; };
		B96E6CD21CE63B8E001D420D /* Main.storyboard in Resources */ = {isa = PBXBuildFile; fileRef = B96E6CD01CE63B8E001D420D /* Main.storyboard */; };
		B96E6CD41CE63B8E001D420D /* Assets.xcassets in Resources */ = {isa = PBXBuildFile; fileRef = B96E6CD31CE63B8E001D420D /* Assets.xcassets */; };
		B96E6CD71CE63B8E001D420D /* LaunchScreen.storyboard in Resources */ = {isa = PBXBuildFile; fileRef = B96E6CD51CE63B8E001D420D /* LaunchScreen.storyboard */; };
		B96E6CE21CE63B8E001D420D /* PlayingWithLayersSessionTests.swift in Sources */ = {isa = PBXBuildFile; fileRef = B96E6CE11CE63B8E001D420D /* PlayingWithLayersSessionTests.swift */; };
		B96E6CED1CE63B8E001D420D /* PlayingWithLayersSessionUITests.swift in Sources */ = {isa = PBXBuildFile; fileRef = B96E6CEC1CE63B8E001D420D /* PlayingWithLayersSessionUITests.swift */; };
		B96E6CFB1CE63D0B001D420D /* BorderedView.swift in Sources */ = {isa = PBXBuildFile; fileRef = B96E6CFA1CE63D0B001D420D /* BorderedView.swift */; };
/* End PBXBuildFile section */

/* Begin PBXContainerItemProxy section */
		B96E6CDE1CE63B8E001D420D /* PBXContainerItemProxy */ = {
			isa = PBXContainerItemProxy;
			containerPortal = B96E6CC11CE63B8E001D420D /* Project object */;
			proxyType = 1;
			remoteGlobalIDString = B96E6CC81CE63B8E001D420D;
			remoteInfo = PlayingWithLayersSession;
		};
		B96E6CE91CE63B8E001D420D /* PBXContainerItemProxy */ = {
			isa = PBXContainerItemProxy;
			containerPortal = B96E6CC11CE63B8E001D420D /* Project object */;
			proxyType = 1;
			remoteGlobalIDString = B96E6CC81CE63B8E001D420D;
			remoteInfo = PlayingWithLayersSession;
		};
/* End PBXContainerItemProxy section */

/* Begin PBXFileReference section */
		B96E6CC91CE63B8E001D420D /* PlayingWithLayersSession.app */ = {isa = PBXFileReference; explicitFileType = wrapper.application; includeInIndex = 0; path = PlayingWithLayersSession.app; sourceTree = BUILT_PRODUCTS_DIR; };
		B96E6CCC1CE63B8E001D420D /* AppDelegate.swift */ = {isa = PBXFileReference; lastKnownFileType = sourcecode.swift; path = AppDelegate.swift; sourceTree = "<group>"; };
		B96E6CCE1CE63B8E001D420D /* ViewController.swift */ = {isa = PBXFileReference; lastKnownFileType = sourcecode.swift; path = ViewController.swift; sourceTree = "<group>"; };
		B96E6CD11CE63B8E001D420D /* Base */ = {isa = PBXFileReference; lastKnownFileType = file.storyboard; name = Base; path = Base.lproj/Main.storyboard; sourceTree = "<group>"; };
		B96E6CD31CE63B8E001D420D /* Assets.xcassets */ = {isa = PBXFileReference; lastKnownFileType = folder.assetcatalog; path = Assets.xcassets; sourceTree = "<group>"; };
		B96E6CD61CE63B8E001D420D /* Base */ = {isa = PBXFileReference; lastKnownFileType = file.storyboard; name = Base; path = Base.lproj/LaunchScreen.storyboard; sourceTree = "<group>"; };
		B96E6CD81CE63B8E001D420D /* Info.plist */ = {isa = PBXFileReference; lastKnownFileType = text.plist.xml; path = Info.plist; sourceTree = "<group>"; };
		B96E6CDD1CE63B8E001D420D /* PlayingWithLayersSessionTests.xctest */ = {isa = PBXFileReference; explicitFileType = wrapper.cfbundle; includeInIndex = 0; path = PlayingWithLayersSessionTests.xctest; sourceTree = BUILT_PRODUCTS_DIR; };
		B96E6CE11CE63B8E001D420D /* PlayingWithLayersSessionTests.swift */ = {isa = PBXFileReference; lastKnownFileType = sourcecode.swift; path = PlayingWithLayersSessionTests.swift; sourceTree = "<group>"; };
		B96E6CE31CE63B8E001D420D /* Info.plist */ = {isa = PBXFileReference; lastKnownFileType = text.plist.xml; path = Info.plist; sourceTree = "<group>"; };
		B96E6CE81CE63B8E001D420D /* PlayingWithLayersSessionUITests.xctest */ = {isa = PBXFileReference; explicitFileType = wrapper.cfbundle; includeInIndex = 0; path = PlayingWithLayersSessionUITests.xctest; sourceTree = BUILT_PRODUCTS_DIR; };
		B96E6CEC1CE63B8E001D420D /* PlayingWithLayersSessionUITests.swift */ = {isa = PBXFileReference; lastKnownFileType = sourcecode.swift; path = PlayingWithLayersSessionUITests.swift; sourceTree = "<group>"; };
		B96E6CEE1CE63B8E001D420D /* Info.plist */ = {isa = PBXFileReference; lastKnownFileType = text.plist.xml; path = Info.plist; sourceTree = "<group>"; };
		B96E6CFA1CE63D0B001D420D /* BorderedView.swift */ = {isa = PBXFileReference; fileEncoding = 4; lastKnownFileType = sourcecode.swift; path = BorderedView.swift; sourceTree = "<group>"; };
/* End PBXFileReference section */

/* Begin PBXFrameworksBuildPhase section */
		B96E6CC61CE63B8E001D420D /* Frameworks */ = {
			isa = PBXFrameworksBuildPhase;
			buildActionMask = 2147483647;
			files = (
			);
			runOnlyForDeploymentPostprocessing = 0;
		};
		B96E6CDA1CE63B8E001D420D /* Frameworks */ = {
			isa = PBXFrameworksBuildPhase;
			buildActionMask = 2147483647;
			files = (
			);
			runOnlyForDeploymentPostprocessing = 0;
		};
		B96E6CE51CE63B8E001D420D /* Frameworks */ = {
			isa = PBXFrameworksBuildPhase;
			buildActionMask = 2147483647;
			files = (
			);
			runOnlyForDeploymentPostprocessing = 0;
		};
/* End PBXFrameworksBuildPhase section */

/* Begin PBXGroup section */
		B96E6CC01CE63B8E001D420D = {
			isa = PBXGroup;
			children = (
				B96E6CCB1CE63B8E001D420D /* PlayingWithLayersSession */,
				B96E6CE01CE63B8E001D420D /* PlayingWithLayersSessionTests */,
				B96E6CEB1CE63B8E001D420D /* PlayingWithLayersSessionUITests */,
				B96E6CCA1CE63B8E001D420D /* Products */,
			);
			sourceTree = "<group>";
		};
		B96E6CCA1CE63B8E001D420D /* Products */ = {
			isa = PBXGroup;
			children = (
				B96E6CC91CE63B8E001D420D /* PlayingWithLayersSession.app */,
				B96E6CDD1CE63B8E001D420D /* PlayingWithLayersSessionTests.xctest */,
				B96E6CE81CE63B8E001D420D /* PlayingWithLayersSessionUITests.xctest */,
			);
			name = Products;
			sourceTree = "<group>";
		};
		B96E6CCB1CE63B8E001D420D /* PlayingWithLayersSession */ = {
			isa = PBXGroup;
			children = (
				B96E6CCC1CE63B8E001D420D /* AppDelegate.swift */,
				B96E6CCE1CE63B8E001D420D /* ViewController.swift */,
				B96E6CD01CE63B8E001D420D /* Main.storyboard */,
				B96E6CD31CE63B8E001D420D /* Assets.xcassets */,
				B96E6CD51CE63B8E001D420D /* LaunchScreen.storyboard */,
				B96E6CD81CE63B8E001D420D /* Info.plist */,
				B96E6CFA1CE63D0B001D420D /* BorderedView.swift */,
			);
			path = PlayingWithLayersSession;
			sourceTree = "<group>";
		};
		B96E6CE01CE63B8E001D420D /* PlayingWithLayersSessionTests */ = {
			isa = PBXGroup;
			children = (
				B96E6CE11CE63B8E001D420D /* PlayingWithLayersSessionTests.swift */,
				B96E6CE31CE63B8E001D420D /* Info.plist */,
			);
			path = PlayingWithLayersSessionTests;
			sourceTree = "<group>";
		};
		B96E6CEB1CE63B8E001D420D /* PlayingWithLayersSessionUITests */ = {
			isa = PBXGroup;
			children = (
				B96E6CEC1CE63B8E001D420D /* PlayingWithLayersSessionUITests.swift */,
				B96E6CEE1CE63B8E001D420D /* Info.plist */,
			);
			path = PlayingWithLayersSessionUITests;
			sourceTree = "<group>";
		};
/* End PBXGroup section */

/* Begin PBXNativeTarget section */
		B96E6CC81CE63B8E001D420D /* PlayingWithLayersSession */ = {
			isa = PBXNativeTarget;
			buildConfigurationList = B96E6CF11CE63B8E001D420D /* Build configuration list for PBXNativeTarget "PlayingWithLayersSession" */;
			buildPhases = (
				B96E6CC51CE63B8E001D420D /* Sources */,
				B96E6CC61CE63B8E001D420D /* Frameworks */,
				B96E6CC71CE63B8E001D420D /* Resources */,
			);
			buildRules = (
			);
			dependencies = (
			);
			name = PlayingWithLayersSession;
			productName = PlayingWithLayersSession;
			productReference = B96E6CC91CE63B8E001D420D /* PlayingWithLayersSession.app */;
			productType = "com.apple.product-type.application";
		};
		B96E6CDC1CE63B8E001D420D /* PlayingWithLayersSessionTests */ = {
			isa = PBXNativeTarget;
			buildConfigurationList = B96E6CF41CE63B8E001D420D /* Build configuration list for PBXNativeTarget "PlayingWithLayersSessionTests" */;
			buildPhases = (
				B96E6CD91CE63B8E001D420D /* Sources */,
				B96E6CDA1CE63B8E001D420D /* Frameworks */,
				B96E6CDB1CE63B8E001D420D /* Resources */,
			);
			buildRules = (
			);
			dependencies = (
				B96E6CDF1CE63B8E001D420D /* PBXTargetDependency */,
			);
			name = PlayingWithLayersSessionTests;
			productName = PlayingWithLayersSessionTests;
			productReference = B96E6CDD1CE63B8E001D420D /* PlayingWithLayersSessionTests.xctest */;
			productType = "com.apple.product-type.bundle.unit-test";
		};
		B96E6CE71CE63B8E001D420D /* PlayingWithLayersSessionUITests */ = {
			isa = PBXNativeTarget;
			buildConfigurationList = B96E6CF71CE63B8E001D420D /* Build configuration list for PBXNativeTarget "PlayingWithLayersSessionUITests" */;
			buildPhases = (
				B96E6CE41CE63B8E001D420D /* Sources */,
				B96E6CE51CE63B8E001D420D /* Frameworks */,
				B96E6CE61CE63B8E001D420D /* Resources */,
			);
			buildRules = (
			);
			dependencies = (
				B96E6CEA1CE63B8E001D420D /* PBXTargetDependency */,
			);
			name = PlayingWithLayersSessionUITests;
			productName = PlayingWithLayersSessionUITests;
			productReference = B96E6CE81CE63B8E001D420D /* PlayingWithLayersSessionUITests.xctest */;
			productType = "com.apple.product-type.bundle.ui-testing";
		};
/* End PBXNativeTarget section */

/* Begin PBXProject section */
		B96E6CC11CE63B8E001D420D /* Project object */ = {
			isa = PBXProject;
			attributes = {
				LastSwiftUpdateCheck = 0730;
				LastUpgradeCheck = 0730;
				ORGANIZATIONNAME = "Craig Grummitt";
				TargetAttributes = {
					B96E6CC81CE63B8E001D420D = {
						CreatedOnToolsVersion = 7.3;
					};
					B96E6CDC1CE63B8E001D420D = {
						CreatedOnToolsVersion = 7.3;
						TestTargetID = B96E6CC81CE63B8E001D420D;
					};
					B96E6CE71CE63B8E001D420D = {
						CreatedOnToolsVersion = 7.3;
						TestTargetID = B96E6CC81CE63B8E001D420D;
					};
				};
			};
			buildConfigurationList = B96E6CC41CE63B8E001D420D /* Build configuration list for PBXProject "PlayingWithLayersSession" */;
			compatibilityVersion = "Xcode 3.2";
			developmentRegion = English;
			hasScannedForEncodings = 0;
			knownRegions = (
				en,
				Base,
			);
			mainGroup = B96E6CC01CE63B8E001D420D;
			productRefGroup = B96E6CCA1CE63B8E001D420D /* Products */;
			projectDirPath = "";
			projectRoot = "";
			targets = (
				B96E6CC81CE63B8E001D420D /* PlayingWithLayersSession */,
				B96E6CDC1CE63B8E001D420D /* PlayingWithLayersSessionTests */,
				B96E6CE71CE63B8E001D420D /* PlayingWithLayersSessionUITests */,
			);
		};
/* End PBXProject section */

/* Begin PBXResourcesBuildPhase section */
		B96E6CC71CE63B8E001D420D /* Resources */ = {
			isa = PBXResourcesBuildPhase;
			buildActionMask = 2147483647;
			files = (
				B96E6CD71CE63B8E001D420D /* LaunchScreen.storyboard in Resources */,
				B96E6CD41CE63B8E001D420D /* Assets.xcassets in Resources */,
				B96E6CD21CE63B8E001D420D /* Main.storyboard in Resources */,
			);
			runOnlyForDeploymentPostprocessing = 0;
		};
		B96E6CDB1CE63B8E001D420D /* Resources */ = {
			isa = PBXResourcesBuildPhase;
			buildActionMask = 2147483647;
			files = (
			);
			runOnlyForDeploymentPostprocessing = 0;
		};
		B96E6CE61CE63B8E001D420D /* Resources */ = {
			isa = PBXResourcesBuildPhase;
			buildActionMask = 2147483647;
			files = (
			);
			runOnlyForDeploymentPostprocessing = 0;
		};
/* End PBXResourcesBuildPhase section */

/* Begin PBXSourcesBuildPhase section */
		B96E6CC51CE63B8E001D420D /* Sources */ = {
			isa = PBXSourcesBuildPhase;
			buildActionMask = 2147483647;
			files = (
				B96E6CCF1CE63B8E001D420D /* ViewController.swift in Sources */,
				B96E6CFB1CE63D0B001D420D /* BorderedView.swift in Sources */,
				B96E6CCD1CE63B8E001D420D /* AppDelegate.swift in Sources */,
			);
			runOnlyForDeploymentPostprocessing = 0;
		};
		B96E6CD91CE63B8E001D420D /* Sources */ = {
			isa = PBXSourcesBuildPhase;
			buildActionMask = 2147483647;
			files = (
				B96E6CE21CE63B8E001D420D /* PlayingWithLayersSessionTests.swift in Sources */,
			);
			runOnlyForDeploymentPostprocessing = 0;
		};
		B96E6CE41CE63B8E001D420D /* Sources */ = {
			isa = PBXSourcesBuildPhase;
			buildActionMask = 2147483647;
			files = (
				B96E6CED1CE63B8E001D420D /* PlayingWithLayersSessionUITests.swift in Sources */,
			);
			runOnlyForDeploymentPostprocessing = 0;
		};
/* End PBXSourcesBuildPhase section */

/* Begin PBXTargetDependency section */
		B96E6CDF1CE63B8E001D420D /* PBXTargetDependency */ = {
			isa = PBXTargetDependency;
			target = B96E6CC81CE63B8E001D420D /* PlayingWithLayersSession */;
			targetProxy = B96E6CDE1CE63B8E001D420D /* PBXContainerItemProxy */;
		};
		B96E6CEA1CE63B8E001D420D /* PBXTargetDependency */ = {
			isa = PBXTargetDependency;
			target = B96E6CC81CE63B8E001D420D /* PlayingWithLayersSession */;
			targetProxy = B96E6CE91CE63B8E001D420D /* PBXContainerItemProxy */;
		};
/* End PBXTargetDependency section */

/* Begin PBXVariantGroup section */
		B96E6CD01CE63B8E001D420D /* Main.storyboard */ = {
			isa = PBXVariantGroup;
			children = (
				B96E6CD11CE63B8E001D420D /* Base */,
			);
			name = Main.storyboard;
			sourceTree = "<group>";
		};
		B96E6CD51CE63B8E001D420D /* LaunchScreen.storyboard */ = {
			isa = PBXVariantGroup;
			children = (
				B96E6CD61CE63B8E001D420D /* Base */,
			);
			name = LaunchScreen.storyboard;
			sourceTree = "<group>";
		};
/* End PBXVariantGroup section */

/* Begin XCBuildConfiguration section */
		B96E6CEF1CE63B8E001D420D /* Debug */ = {
			isa = XCBuildConfiguration;
			buildSettings = {
				ALWAYS_SEARCH_USER_PATHS = NO;
				CLANG_ANALYZER_NONNULL = YES;
				CLANG_CXX_LANGUAGE_STANDARD = "gnu++0x";
				CLANG_CXX_LIBRARY = "libc++";
				CLANG_ENABLE_MODULES = YES;
				CLANG_ENABLE_OBJC_ARC = YES;
				CLANG_WARN_BOOL_CONVERSION = YES;
				CLANG_WARN_CONSTANT_CONVERSION = YES;
				CLANG_WARN_DIRECT_OBJC_ISA_USAGE = YES_ERROR;
				CLANG_WARN_EMPTY_BODY = YES;
				CLANG_WARN_ENUM_CONVERSION = YES;
				CLANG_WARN_INT_CONVERSION = YES;
				CLANG_WARN_OBJC_ROOT_CLASS = YES_ERROR;
				CLANG_WARN_UNREACHABLE_CODE = YES;
				CLANG_WARN__DUPLICATE_METHOD_MATCH = YES;
				"CODE_SIGN_IDENTITY[sdk=iphoneos*]" = "iPhone Developer";
				COPY_PHASE_STRIP = NO;
				DEBUG_INFORMATION_FORMAT = dwarf;
				ENABLE_STRICT_OBJC_MSGSEND = YES;
				ENABLE_TESTABILITY = YES;
				GCC_C_LANGUAGE_STANDARD = gnu99;
				GCC_DYNAMIC_NO_PIC = NO;
				GCC_NO_COMMON_BLOCKS = YES;
				GCC_OPTIMIZATION_LEVEL = 0;
				GCC_PREPROCESSOR_DEFINITIONS = (
					"DEBUG=1",
					"$(inherited)",
				);
				GCC_WARN_64_TO_32_BIT_CONVERSION = YES;
				GCC_WARN_ABOUT_RETURN_TYPE = YES_ERROR;
				GCC_WARN_UNDECLARED_SELECTOR = YES;
				GCC_WARN_UNINITIALIZED_AUTOS = YES_AGGRESSIVE;
				GCC_WARN_UNUSED_FUNCTION = YES;
				GCC_WARN_UNUSED_VARIABLE = YES;
				IPHONEOS_DEPLOYMENT_TARGET = 9.3;
				MTL_ENABLE_DEBUG_INFO = YES;
				ONLY_ACTIVE_ARCH = YES;
				SDKROOT = iphoneos;
				SWIFT_OPTIMIZATION_LEVEL = "-Onone";
				TARGETED_DEVICE_FAMILY = "1,2";
			};
			name = Debug;
		};
		B96E6CF01CE63B8E001D420D /* Release */ = {
			isa = XCBuildConfiguration;
			buildSettings = {
				ALWAYS_SEARCH_USER_PATHS = NO;
				CLANG_ANALYZER_NONNULL = YES;
				CLANG_CXX_LANGUAGE_STANDARD = "gnu++0x";
				CLANG_CXX_LIBRARY = "libc++";
				CLANG_ENABLE_MODULES = YES;
				CLANG_ENABLE_OBJC_ARC = YES;
				CLANG_WARN_BOOL_CONVERSION = YES;
				CLANG_WARN_CONSTANT_CONVERSION = YES;
				CLANG_WARN_DIRECT_OBJC_ISA_USAGE = YES_ERROR;
				CLANG_WARN_EMPTY_BODY = YES;
				CLANG_WARN_ENUM_CONVERSION = YES;
				CLANG_WARN_INT_CONVERSION = YES;
				CLANG_WARN_OBJC_ROOT_CLASS = YES_ERROR;
				CLANG_WARN_UNREACHABLE_CODE = YES;
				CLANG_WARN__DUPLICATE_METHOD_MATCH = YES;
				"CODE_SIGN_IDENTITY[sdk=iphoneos*]" = "iPhone Developer";
				COPY_PHASE_STRIP = NO;
				DEBUG_INFORMATION_FORMAT = "dwarf-with-dsym";
				ENABLE_NS_ASSERTIONS = NO;
				ENABLE_STRICT_OBJC_MSGSEND = YES;
				GCC_C_LANGUAGE_STANDARD = gnu99;
				GCC_NO_COMMON_BLOCKS = YES;
				GCC_WARN_64_TO_32_BIT_CONVERSION = YES;
				GCC_WARN_ABOUT_RETURN_TYPE = YES_ERROR;
				GCC_WARN_UNDECLARED_SELECTOR = YES;
				GCC_WARN_UNINITIALIZED_AUTOS = YES_AGGRESSIVE;
				GCC_WARN_UNUSED_FUNCTION = YES;
				GCC_WARN_UNUSED_VARIABLE = YES;
				IPHONEOS_DEPLOYMENT_TARGET = 9.3;
				MTL_ENABLE_DEBUG_INFO = NO;
				SDKROOT = iphoneos;
				TARGETED_DEVICE_FAMILY = "1,2";
				VALIDATE_PRODUCT = YES;
			};
			name = Release;
		};
		B96E6CF21CE63B8E001D420D /* Debug */ = {
			isa = XCBuildConfiguration;
			buildSettings = {
				ASSETCATALOG_COMPILER_APPICON_NAME = AppIcon;
				INFOPLIST_FILE = PlayingWithLayersSession/Info.plist;
				LD_RUNPATH_SEARCH_PATHS = "$(inherited) @executable_path/Frameworks";
				PRODUCT_BUNDLE_IDENTIFIER = com.interactivecoconut.PlayingWithLayersSession;
				PRODUCT_NAME = "$(TARGET_NAME)";
			};
			name = Debug;
		};
		B96E6CF31CE63B8E001D420D /* Release */ = {
			isa = XCBuildConfiguration;
			buildSettings = {
				ASSETCATALOG_COMPILER_APPICON_NAME = AppIcon;
				INFOPLIST_FILE = PlayingWithLayersSession/Info.plist;
				LD_RUNPATH_SEARCH_PATHS = "$(inherited) @executable_path/Frameworks";
				PRODUCT_BUNDLE_IDENTIFIER = com.interactivecoconut.PlayingWithLayersSession;
				PRODUCT_NAME = "$(TARGET_NAME)";
			};
			name = Release;
		};
		B96E6CF51CE63B8E001D420D /* Debug */ = {
			isa = XCBuildConfiguration;
			buildSettings = {
				BUNDLE_LOADER = "$(TEST_HOST)";
				INFOPLIST_FILE = PlayingWithLayersSessionTests/Info.plist;
				LD_RUNPATH_SEARCH_PATHS = "$(inherited) @executable_path/Frameworks @loader_path/Frameworks";
				PRODUCT_BUNDLE_IDENTIFIER = com.interactivecoconut.PlayingWithLayersSessionTests;
				PRODUCT_NAME = "$(TARGET_NAME)";
				TEST_HOST = "$(BUILT_PRODUCTS_DIR)/PlayingWithLayersSession.app/PlayingWithLayersSession";
			};
			name = Debug;
		};
		B96E6CF61CE63B8E001D420D /* Release */ = {
			isa = XCBuildConfiguration;
			buildSettings = {
				BUNDLE_LOADER = "$(TEST_HOST)";
				INFOPLIST_FILE = PlayingWithLayersSessionTests/Info.plist;
				LD_RUNPATH_SEARCH_PATHS = "$(inherited) @executable_path/Frameworks @loader_path/Frameworks";
				PRODUCT_BUNDLE_IDENTIFIER = com.interactivecoconut.PlayingWithLayersSessionTests;
				PRODUCT_NAME = "$(TARGET_NAME)";
				TEST_HOST = "$(BUILT_PRODUCTS_DIR)/PlayingWithLayersSession.app/PlayingWithLayersSession";
			};
			name = Release;
		};
		B96E6CF81CE63B8E001D420D /* Debug */ = {
			isa = XCBuildConfiguration;
			buildSettings = {
				INFOPLIST_FILE = PlayingWithLayersSessionUITests/Info.plist;
				LD_RUNPATH_SEARCH_PATHS = "$(inherited) @executable_path/Frameworks @loader_path/Frameworks";
				PRODUCT_BUNDLE_IDENTIFIER = com.interactivecoconut.PlayingWithLayersSessionUITests;
				PRODUCT_NAME = "$(TARGET_NAME)";
				TEST_TARGET_NAME = PlayingWithLayersSession;
			};
			name = Debug;
		};
		B96E6CF91CE63B8E001D420D /* Release */ = {
			isa = XCBuildConfiguration;
			buildSettings = {
				INFOPLIST_FILE = PlayingWithLayersSessionUITests/Info.plist;
				LD_RUNPATH_SEARCH_PATHS = "$(inherited) @executable_path/Frameworks @loader_path/Frameworks";
				PRODUCT_BUNDLE_IDENTIFIER = com.interactivecoconut.PlayingWithLayersSessionUITests;
				PRODUCT_NAME = "$(TARGET_NAME)";
				TEST_TARGET_NAME = PlayingWithLayersSession;
			};
			name = Release;
		};
/* End XCBuildConfiguration section */

/* Begin XCConfigurationList section */
		B96E6CC41CE63B8E001D420D /* Build configuration list for PBXProject "PlayingWithLayersSession" */ = {
			isa = XCConfigurationList;
			buildConfigurations = (
				B96E6CEF1CE63B8E001D420D /* Debug */,
				B96E6CF01CE63B8E001D420D /* Release */,
			);
			defaultConfigurationIsVisible = 0;
			defaultConfigurationName = Release;
		};
		B96E6CF11CE63B8E001D420D /* Build configuration list for PBXNativeTarget "PlayingWithLayersSession" */ = {
			isa = XCConfigurationList;
			buildConfigurations = (
				B96E6CF21CE63B8E001D420D /* Debug */,
				B96E6CF31CE63B8E001D420D /* Release */,
			);
			defaultConfigurationIsVisible = 0;
		};
		B96E6CF41CE63B8E001D420D /* Build configuration list for PBXNativeTarget "PlayingWithLayersSessionTests" */ = {
			isa = XCConfigurationList;
			buildConfigurations = (
				B96E6CF51CE63B8E001D420D /* Debug */,
				B96E6CF61CE63B8E001D420D /* Release */,
			);
			defaultConfigurationIsVisible = 0;
		};
		B96E6CF71CE63B8E001D420D /* Build configuration list for PBXNativeTarget "PlayingWithLayersSessionUITests" */ = {
			isa = XCConfigurationList;
			buildConfigurations = (
				B96E6CF81CE63B8E001D420D /* Debug */,
				B96E6CF91CE63B8E001D420D /* Release */,
			);
			defaultConfigurationIsVisible = 0;
		};
/* End XCConfigurationList section */
	};
	rootObject = B96E6CC11CE63B8E001D420D /* Project object */;
}
